PODS:
  - KeychainSwift (19.0.0)
  - SVPinView (1.0.8)

DEPENDENCIES:
  - KeychainSwift
  - SVPinView (~> 1.0)

SPEC REPOS:
  trunk:
    - KeychainSwift
    - SVPinView

SPEC CHECKSUMS:
  KeychainSwift: a06190cf933ad46b1e0abc3d77d29c06331715c7
  SVPinView: 3194be48b8275805244486590b82e6da14d23ca6

PODFILE CHECKSUM: dbe4ba020f206686deb788b436f7194cce1a576a

COCOAPODS: 1.8.4
